
Microsoft Visual Studio Solution File, Format Version 12.00
# Visual Studio Version 18
VisualStudioVersion = 18.0.11111.16 d18.0
MinimumVisualStudioVersion = 10.0.40219.1
Project("{FAE04EC0-301F-11D3-BF4B-00C04F79EFBC}") = "comment-service", "comment-service.csproj", "{3DD421E4-3E43-7264-9F44-B93B0ECA6515}"
EndProject
Global
	GlobalSection(SolutionConfigurationPlatforms) = preSolution
		Debug|Any CPU = Debug|Any CPU
		Release|Any CPU = Release|Any CPU
	EndGlobalSection
	GlobalSection(ProjectConfigurationPlatforms) = postSolution
		{3DD421E4-3E43-7264-9F44-B93B0ECA6515}.Debug|Any CPU.ActiveCfg = Debug|Any CPU
		{3DD421E4-3E43-7264-9F44-B93B0ECA6515}.Debug|Any CPU.Build.0 = Debug|Any CPU
		{3DD421E4-3E43-7264-9F44-B93B0ECA6515}.Release|Any CPU.ActiveCfg = Release|Any CPU
		{3DD421E4-3E43-7264-9F44-B93B0ECA6515}.Release|Any CPU.Build.0 = Release|Any CPU
	EndGlobalSection
	GlobalSection(SolutionProperties) = preSolution
		HideSolutionNode = FALSE
	EndGlobalSection
	GlobalSection(ExtensibilityGlobals) = postSolution
		SolutionGuid = {DBBFA2F9-4B83-4085-8EAF-4A18E3FB458C}
	EndGlobalSection
EndGlobal
