
Microsoft Visual Studio Solution File, Format Version 12.00
# Visual Studio Version 17
VisualStudioVersion = 17.0.31903.59
MinimumVisualStudioVersion = 10.0.40219.1
Project("{2150E333-8FDC-42A3-9474-1A3956D46DE8}") = "src", "src", "{B1CEC636-28EB-43DE-98A7-3AB594CE3099}"
EndProject
Project("{2150E333-8FDC-42A3-9474-1A3956D46DE8}") = "Services", "Services", "{F5FC4606-8455-4B5A-8120-0805CA4BBD94}"
EndProject
Project("{FAE04EC0-301F-11D3-BF4B-00C04F79EFBC}") = "comment-service", "src\Services\comment_service\comment-service.csproj", "{B453FC6B-114F-49AA-9C73-553D3F68CE4D}"
EndProject
Project("{FAE04EC0-301F-11D3-BF4B-00C04F79EFBC}") = "FileService", "src\Services\FileService\FileService.csproj", "{8398BD6C-B934-44FC-86AD-602DC8312832}"
EndProject
Project("{FAE04EC0-301F-11D3-BF4B-00C04F79EFBC}") = "NotificationService", "src\Services\notification-service\NotificationService.csproj", "{D5C4710A-1032-4442-B7A0-01BAB1526610}"
EndProject
Project("{2150E333-8FDC-42A3-9474-1A3956D46DE8}") = "post_service", "post_service", "{BB2CA9B9-9530-40E6-A2A9-3990AE6BF693}"
EndProject
Project("{FAE04EC0-301F-11D3-BF4B-00C04F79EFBC}") = "Post.API", "src\Services\post_service\Post.API\Post.API.csproj", "{84FF1D6D-F9DD-4BC8-84E5-C549A6A6D657}"
EndProject
Project("{FAE04EC0-301F-11D3-BF4B-00C04F79EFBC}") = "Post.Application", "src\Services\post_service\Post.Application\Post.Application.csproj", "{44F0A64C-4B4F-4E0E-8526-B91BB948CEE3}"
EndProject
Project("{FAE04EC0-301F-11D3-BF4B-00C04F79EFBC}") = "Post.Contract", "src\Services\post_service\Post.Contract\Post.Contract.csproj", "{F3A302F3-29B8-48C1-93D6-8434C0228BA7}"
EndProject
Project("{FAE04EC0-301F-11D3-BF4B-00C04F79EFBC}") = "Post.Domain", "src\Services\post_service\Post.Domain\Post.Domain.csproj", "{38AB2125-EDFA-4F51-826E-FCCB6AFAB8DC}"
EndProject
Project("{FAE04EC0-301F-11D3-BF4B-00C04F79EFBC}") = "Post.Infrastructure", "src\Services\post_service\Post.Infrastructure\Post.Infrastructure.csproj", "{274E8477-6502-4934-B6F1-1765A5841377}"
EndProject
Project("{FAE04EC0-301F-11D3-BF4B-00C04F79EFBC}") = "Post.Persistence", "src\Services\post_service\Post.Persistence\Post.Persistence.csproj", "{DCB3FE5D-7586-4F39-BDEE-E06FE927A52D}"
EndProject
Project("{FAE04EC0-301F-11D3-BF4B-00C04F79EFBC}") = "UserService", "src\Services\UserService\UserService.csproj", "{EE133909-C2EE-425E-A030-916F2E77D34A}"
EndProject
Project("{2150E333-8FDC-42A3-9474-1A3956D46DE8}") = "ApiGateway", "ApiGateway", "{1C0BFB01-9711-4365-87E6-15C3EA9F16D6}"
EndProject
Project("{FAE04EC0-301F-11D3-BF4B-00C04F79EFBC}") = "Gateway.API", "src\ApiGateway\Gateway.API\Gateway.API.csproj", "{C7D042A6-ECBE-47A1-9DCC-B8CC544C0C47}"
EndProject
Global
	GlobalSection(SolutionConfigurationPlatforms) = preSolution
		Debug|Any CPU = Debug|Any CPU
		Release|Any CPU = Release|Any CPU
	EndGlobalSection
	GlobalSection(SolutionProperties) = preSolution
		HideSolutionNode = FALSE
	EndGlobalSection
	GlobalSection(ProjectConfigurationPlatforms) = postSolution
		{B453FC6B-114F-49AA-9C73-553D3F68CE4D}.Debug|Any CPU.ActiveCfg = Debug|Any CPU
		{B453FC6B-114F-49AA-9C73-553D3F68CE4D}.Debug|Any CPU.Build.0 = Debug|Any CPU
		{B453FC6B-114F-49AA-9C73-553D3F68CE4D}.Release|Any CPU.ActiveCfg = Release|Any CPU
		{B453FC6B-114F-49AA-9C73-553D3F68CE4D}.Release|Any CPU.Build.0 = Release|Any CPU
		{8398BD6C-B934-44FC-86AD-602DC8312832}.Debug|Any CPU.ActiveCfg = Debug|Any CPU
		{8398BD6C-B934-44FC-86AD-602DC8312832}.Debug|Any CPU.Build.0 = Debug|Any CPU
		{8398BD6C-B934-44FC-86AD-602DC8312832}.Release|Any CPU.ActiveCfg = Release|Any CPU
		{8398BD6C-B934-44FC-86AD-602DC8312832}.Release|Any CPU.Build.0 = Release|Any CPU
		{D5C4710A-1032-4442-B7A0-01BAB1526610}.Debug|Any CPU.ActiveCfg = Debug|Any CPU
		{D5C4710A-1032-4442-B7A0-01BAB1526610}.Debug|Any CPU.Build.0 = Debug|Any CPU
		{D5C4710A-1032-4442-B7A0-01BAB1526610}.Release|Any CPU.ActiveCfg = Release|Any CPU
		{D5C4710A-1032-4442-B7A0-01BAB1526610}.Release|Any CPU.Build.0 = Release|Any CPU
		{84FF1D6D-F9DD-4BC8-84E5-C549A6A6D657}.Debug|Any CPU.ActiveCfg = Debug|Any CPU
		{84FF1D6D-F9DD-4BC8-84E5-C549A6A6D657}.Debug|Any CPU.Build.0 = Debug|Any CPU
		{84FF1D6D-F9DD-4BC8-84E5-C549A6A6D657}.Release|Any CPU.ActiveCfg = Release|Any CPU
		{84FF1D6D-F9DD-4BC8-84E5-C549A6A6D657}.Release|Any CPU.Build.0 = Release|Any CPU
		{44F0A64C-4B4F-4E0E-8526-B91BB948CEE3}.Debug|Any CPU.ActiveCfg = Debug|Any CPU
		{44F0A64C-4B4F-4E0E-8526-B91BB948CEE3}.Debug|Any CPU.Build.0 = Debug|Any CPU
		{44F0A64C-4B4F-4E0E-8526-B91BB948CEE3}.Release|Any CPU.ActiveCfg = Release|Any CPU
		{44F0A64C-4B4F-4E0E-8526-B91BB948CEE3}.Release|Any CPU.Build.0 = Release|Any CPU
		{F3A302F3-29B8-48C1-93D6-8434C0228BA7}.Debug|Any CPU.ActiveCfg = Debug|Any CPU
		{F3A302F3-29B8-48C1-93D6-8434C0228BA7}.Debug|Any CPU.Build.0 = Debug|Any CPU
		{F3A302F3-29B8-48C1-93D6-8434C0228BA7}.Release|Any CPU.ActiveCfg = Release|Any CPU
		{F3A302F3-29B8-48C1-93D6-8434C0228BA7}.Release|Any CPU.Build.0 = Release|Any CPU
		{38AB2125-EDFA-4F51-826E-FCCB6AFAB8DC}.Debug|Any CPU.ActiveCfg = Debug|Any CPU
		{38AB2125-EDFA-4F51-826E-FCCB6AFAB8DC}.Debug|Any CPU.Build.0 = Debug|Any CPU
		{38AB2125-EDFA-4F51-826E-FCCB6AFAB8DC}.Release|Any CPU.ActiveCfg = Release|Any CPU
		{38AB2125-EDFA-4F51-826E-FCCB6AFAB8DC}.Release|Any CPU.Build.0 = Release|Any CPU
		{274E8477-6502-4934-B6F1-1765A5841377}.Debug|Any CPU.ActiveCfg = Debug|Any CPU
		{274E8477-6502-4934-B6F1-1765A5841377}.Debug|Any CPU.Build.0 = Debug|Any CPU
		{274E8477-6502-4934-B6F1-1765A5841377}.Release|Any CPU.ActiveCfg = Release|Any CPU
		{274E8477-6502-4934-B6F1-1765A5841377}.Release|Any CPU.Build.0 = Release|Any CPU
		{DCB3FE5D-7586-4F39-BDEE-E06FE927A52D}.Debug|Any CPU.ActiveCfg = Debug|Any CPU
		{DCB3FE5D-7586-4F39-BDEE-E06FE927A52D}.Debug|Any CPU.Build.0 = Debug|Any CPU
		{DCB3FE5D-7586-4F39-BDEE-E06FE927A52D}.Release|Any CPU.ActiveCfg = Release|Any CPU
		{DCB3FE5D-7586-4F39-BDEE-E06FE927A52D}.Release|Any CPU.Build.0 = Release|Any CPU
		{EE133909-C2EE-425E-A030-916F2E77D34A}.Debug|Any CPU.ActiveCfg = Debug|Any CPU
		{EE133909-C2EE-425E-A030-916F2E77D34A}.Debug|Any CPU.Build.0 = Debug|Any CPU
		{EE133909-C2EE-425E-A030-916F2E77D34A}.Release|Any CPU.ActiveCfg = Release|Any CPU
		{EE133909-C2EE-425E-A030-916F2E77D34A}.Release|Any CPU.Build.0 = Release|Any CPU
		{C7D042A6-ECBE-47A1-9DCC-B8CC544C0C47}.Debug|Any CPU.ActiveCfg = Debug|Any CPU
		{C7D042A6-ECBE-47A1-9DCC-B8CC544C0C47}.Debug|Any CPU.Build.0 = Debug|Any CPU
		{C7D042A6-ECBE-47A1-9DCC-B8CC544C0C47}.Release|Any CPU.ActiveCfg = Release|Any CPU
		{C7D042A6-ECBE-47A1-9DCC-B8CC544C0C47}.Release|Any CPU.Build.0 = Release|Any CPU
	EndGlobalSection
	GlobalSection(NestedProjects) = preSolution
		{F5FC4606-8455-4B5A-8120-0805CA4BBD94} = {B1CEC636-28EB-43DE-98A7-3AB594CE3099}
		{B453FC6B-114F-49AA-9C73-553D3F68CE4D} = {F5FC4606-8455-4B5A-8120-0805CA4BBD94}
		{8398BD6C-B934-44FC-86AD-602DC8312832} = {F5FC4606-8455-4B5A-8120-0805CA4BBD94}
		{D5C4710A-1032-4442-B7A0-01BAB1526610} = {F5FC4606-8455-4B5A-8120-0805CA4BBD94}
		{BB2CA9B9-9530-40E6-A2A9-3990AE6BF693} = {F5FC4606-8455-4B5A-8120-0805CA4BBD94}
		{84FF1D6D-F9DD-4BC8-84E5-C549A6A6D657} = {BB2CA9B9-9530-40E6-A2A9-3990AE6BF693}
		{44F0A64C-4B4F-4E0E-8526-B91BB948CEE3} = {BB2CA9B9-9530-40E6-A2A9-3990AE6BF693}
		{F3A302F3-29B8-48C1-93D6-8434C0228BA7} = {BB2CA9B9-9530-40E6-A2A9-3990AE6BF693}
		{38AB2125-EDFA-4F51-826E-FCCB6AFAB8DC} = {BB2CA9B9-9530-40E6-A2A9-3990AE6BF693}
		{274E8477-6502-4934-B6F1-1765A5841377} = {BB2CA9B9-9530-40E6-A2A9-3990AE6BF693}
		{DCB3FE5D-7586-4F39-BDEE-E06FE927A52D} = {BB2CA9B9-9530-40E6-A2A9-3990AE6BF693}
		{EE133909-C2EE-425E-A030-916F2E77D34A} = {F5FC4606-8455-4B5A-8120-0805CA4BBD94}
		{1C0BFB01-9711-4365-87E6-15C3EA9F16D6} = {B1CEC636-28EB-43DE-98A7-3AB594CE3099}
		{C7D042A6-ECBE-47A1-9DCC-B8CC544C0C47} = {1C0BFB01-9711-4365-87E6-15C3EA9F16D6}
	EndGlobalSection
EndGlobal
